
Microsoft Visual Studio Solution File, Format Version 12.00
# Visual Studio Version 16
VisualStudioVersion = 16.0.30320.27
MinimumVisualStudioVersion = 10.0.40219.1
Project("{FAE04EC0-301F-11D3-BF4B-00C04F79EFBC}") = "Practica1E1", "Practica1E1.csproj", "{8B5B115D-E27B-413D-A040-2ABFF8F33DE7}"
EndProject
Global
	GlobalSection(SolutionConfigurationPlatforms) = preSolution
		Debug|Any CPU = Debug|Any CPU
		Release|Any CPU = Release|Any CPU
	EndGlobalSection
	GlobalSection(ProjectConfigurationPlatforms) = postSolution
		{8B5B115D-E27B-413D-A040-2ABFF8F33DE7}.Debug|Any CPU.ActiveCfg = Debug|Any CPU
		{8B5B115D-E27B-413D-A040-2ABFF8F33DE7}.Debug|Any CPU.Build.0 = Debug|Any CPU
		{8B5B115D-E27B-413D-A040-2ABFF8F33DE7}.Release|Any CPU.ActiveCfg = Release|Any CPU
		{8B5B115D-E27B-413D-A040-2ABFF8F33DE7}.Release|Any CPU.Build.0 = Release|Any CPU
	EndGlobalSection
	GlobalSection(SolutionProperties) = preSolution
		HideSolutionNode = FALSE
	EndGlobalSection
	GlobalSection(ExtensibilityGlobals) = postSolution
		SolutionGuid = {0ADB1D65-B8F6-4C94-BA94-53699822F27C}
	EndGlobalSection
EndGlobal
