
Microsoft Visual Studio Solution File, Format Version 12.00
# Visual Studio Version 16
VisualStudioVersion = 16.0.30320.27
MinimumVisualStudioVersion = 10.0.40219.1
Project("{FAE04EC0-301F-11D3-BF4B-00C04F79EFBC}") = "Practica2E1", "Practica2E1.csproj", "{D6D83219-4E5E-4225-85A6-78F38CCDC531}"
EndProject
Global
	GlobalSection(SolutionConfigurationPlatforms) = preSolution
		Debug|Any CPU = Debug|Any CPU
		Release|Any CPU = Release|Any CPU
	EndGlobalSection
	GlobalSection(ProjectConfigurationPlatforms) = postSolution
		{D6D83219-4E5E-4225-85A6-78F38CCDC531}.Debug|Any CPU.ActiveCfg = Debug|Any CPU
		{D6D83219-4E5E-4225-85A6-78F38CCDC531}.Debug|Any CPU.Build.0 = Debug|Any CPU
		{D6D83219-4E5E-4225-85A6-78F38CCDC531}.Release|Any CPU.ActiveCfg = Release|Any CPU
		{D6D83219-4E5E-4225-85A6-78F38CCDC531}.Release|Any CPU.Build.0 = Release|Any CPU
	EndGlobalSection
	GlobalSection(SolutionProperties) = preSolution
		HideSolutionNode = FALSE
	EndGlobalSection
	GlobalSection(ExtensibilityGlobals) = postSolution
		SolutionGuid = {58CCFEFF-6460-48CA-AB02-E52FAD767C2B}
	EndGlobalSection
EndGlobal
