
Microsoft Visual Studio Solution File, Format Version 12.00
# Visual Studio Version 16
VisualStudioVersion = 16.0.30309.148
MinimumVisualStudioVersion = 10.0.40219.1
Project("{FAE04EC0-301F-11D3-BF4B-00C04F79EFBC}") = "Condificacion2VI", "Condificacion2VI.csproj", "{AA8D51E2-8B09-4B65-B983-EA55765DAB64}"
EndProject
Global
	GlobalSection(SolutionConfigurationPlatforms) = preSolution
		Debug|Any CPU = Debug|Any CPU
		Release|Any CPU = Release|Any CPU
	EndGlobalSection
	GlobalSection(ProjectConfigurationPlatforms) = postSolution
		{AA8D51E2-8B09-4B65-B983-EA55765DAB64}.Debug|Any CPU.ActiveCfg = Debug|Any CPU
		{AA8D51E2-8B09-4B65-B983-EA55765DAB64}.Debug|Any CPU.Build.0 = Debug|Any CPU
		{AA8D51E2-8B09-4B65-B983-EA55765DAB64}.Release|Any CPU.ActiveCfg = Release|Any CPU
		{AA8D51E2-8B09-4B65-B983-EA55765DAB64}.Release|Any CPU.Build.0 = Release|Any CPU
	EndGlobalSection
	GlobalSection(SolutionProperties) = preSolution
		HideSolutionNode = FALSE
	EndGlobalSection
	GlobalSection(ExtensibilityGlobals) = postSolution
		SolutionGuid = {78658F6E-EF1F-4557-B082-541874011B3C}
	EndGlobalSection
EndGlobal
