
Microsoft Visual Studio Solution File, Format Version 12.00
# Visual Studio Version 16
VisualStudioVersion = 16.0.30309.148
MinimumVisualStudioVersion = 10.0.40219.1
Project("{FAE04EC0-301F-11D3-BF4B-00C04F79EFBC}") = "Codificacion4IV", "Codificacion4IV.csproj", "{773DE188-BC42-481C-8020-F1E8270B2756}"
EndProject
Global
	GlobalSection(SolutionConfigurationPlatforms) = preSolution
		Debug|Any CPU = Debug|Any CPU
		Release|Any CPU = Release|Any CPU
	EndGlobalSection
	GlobalSection(ProjectConfigurationPlatforms) = postSolution
		{773DE188-BC42-481C-8020-F1E8270B2756}.Debug|Any CPU.ActiveCfg = Debug|Any CPU
		{773DE188-BC42-481C-8020-F1E8270B2756}.Debug|Any CPU.Build.0 = Debug|Any CPU
		{773DE188-BC42-481C-8020-F1E8270B2756}.Release|Any CPU.ActiveCfg = Release|Any CPU
		{773DE188-BC42-481C-8020-F1E8270B2756}.Release|Any CPU.Build.0 = Release|Any CPU
	EndGlobalSection
	GlobalSection(SolutionProperties) = preSolution
		HideSolutionNode = FALSE
	EndGlobalSection
	GlobalSection(ExtensibilityGlobals) = postSolution
		SolutionGuid = {8221A706-867E-4422-A72A-C698DECE30B3}
	EndGlobalSection
EndGlobal
