
Microsoft Visual Studio Solution File, Format Version 12.00
# Visual Studio Version 16
VisualStudioVersion = 16.0.30309.148
MinimumVisualStudioVersion = 10.0.40219.1
Project("{FAE04EC0-301F-11D3-BF4B-00C04F79EFBC}") = "Codificacion3III", "Codificacion3III.csproj", "{462FDD43-E5CE-4402-A91E-A3B475C54CF4}"
EndProject
Global
	GlobalSection(SolutionConfigurationPlatforms) = preSolution
		Debug|Any CPU = Debug|Any CPU
		Release|Any CPU = Release|Any CPU
	EndGlobalSection
	GlobalSection(ProjectConfigurationPlatforms) = postSolution
		{462FDD43-E5CE-4402-A91E-A3B475C54CF4}.Debug|Any CPU.ActiveCfg = Debug|Any CPU
		{462FDD43-E5CE-4402-A91E-A3B475C54CF4}.Debug|Any CPU.Build.0 = Debug|Any CPU
		{462FDD43-E5CE-4402-A91E-A3B475C54CF4}.Release|Any CPU.ActiveCfg = Release|Any CPU
		{462FDD43-E5CE-4402-A91E-A3B475C54CF4}.Release|Any CPU.Build.0 = Release|Any CPU
	EndGlobalSection
	GlobalSection(SolutionProperties) = preSolution
		HideSolutionNode = FALSE
	EndGlobalSection
	GlobalSection(ExtensibilityGlobals) = postSolution
		SolutionGuid = {7BA100CF-7811-4C95-9D78-38820430E422}
	EndGlobalSection
EndGlobal
