
Microsoft Visual Studio Solution File, Format Version 12.00
# Visual Studio Version 16
VisualStudioVersion = 16.0.30309.148
MinimumVisualStudioVersion = 10.0.40219.1
Project("{FAE04EC0-301F-11D3-BF4B-00C04F79EFBC}") = "Codificacion4V", "Codificacion4V.csproj", "{E1904530-A8F6-489D-AB4D-E0237FD755C5}"
EndProject
Global
	GlobalSection(SolutionConfigurationPlatforms) = preSolution
		Debug|Any CPU = Debug|Any CPU
		Release|Any CPU = Release|Any CPU
	EndGlobalSection
	GlobalSection(ProjectConfigurationPlatforms) = postSolution
		{E1904530-A8F6-489D-AB4D-E0237FD755C5}.Debug|Any CPU.ActiveCfg = Debug|Any CPU
		{E1904530-A8F6-489D-AB4D-E0237FD755C5}.Debug|Any CPU.Build.0 = Debug|Any CPU
		{E1904530-A8F6-489D-AB4D-E0237FD755C5}.Release|Any CPU.ActiveCfg = Release|Any CPU
		{E1904530-A8F6-489D-AB4D-E0237FD755C5}.Release|Any CPU.Build.0 = Release|Any CPU
	EndGlobalSection
	GlobalSection(SolutionProperties) = preSolution
		HideSolutionNode = FALSE
	EndGlobalSection
	GlobalSection(ExtensibilityGlobals) = postSolution
		SolutionGuid = {E0633BD7-2946-41BD-BA48-E80D28B2476B}
	EndGlobalSection
EndGlobal
