
Microsoft Visual Studio Solution File, Format Version 12.00
# Visual Studio Version 16
VisualStudioVersion = 16.0.30309.148
MinimumVisualStudioVersion = 10.0.40219.1
Project("{FAE04EC0-301F-11D3-BF4B-00C04F79EFBC}") = "Codificacion4I", "Codificacion4I.csproj", "{C35D374E-5F6A-41B8-99E5-C64D213FA59B}"
EndProject
Global
	GlobalSection(SolutionConfigurationPlatforms) = preSolution
		Debug|Any CPU = Debug|Any CPU
		Release|Any CPU = Release|Any CPU
	EndGlobalSection
	GlobalSection(ProjectConfigurationPlatforms) = postSolution
		{C35D374E-5F6A-41B8-99E5-C64D213FA59B}.Debug|Any CPU.ActiveCfg = Debug|Any CPU
		{C35D374E-5F6A-41B8-99E5-C64D213FA59B}.Debug|Any CPU.Build.0 = Debug|Any CPU
		{C35D374E-5F6A-41B8-99E5-C64D213FA59B}.Release|Any CPU.ActiveCfg = Release|Any CPU
		{C35D374E-5F6A-41B8-99E5-C64D213FA59B}.Release|Any CPU.Build.0 = Release|Any CPU
	EndGlobalSection
	GlobalSection(SolutionProperties) = preSolution
		HideSolutionNode = FALSE
	EndGlobalSection
	GlobalSection(ExtensibilityGlobals) = postSolution
		SolutionGuid = {A48BFD81-BE37-4631-9973-511D3EF10F74}
	EndGlobalSection
EndGlobal
