
Microsoft Visual Studio Solution File, Format Version 12.00
# Visual Studio Version 16
VisualStudioVersion = 16.0.30320.27
MinimumVisualStudioVersion = 10.0.40219.1
Project("{FAE04EC0-301F-11D3-BF4B-00C04F79EFBC}") = "Practica1E5", "Practica1E5.csproj", "{A40E2C9D-ADA6-4BAF-B1B7-7D87DDCD154A}"
EndProject
Global
	GlobalSection(SolutionConfigurationPlatforms) = preSolution
		Debug|Any CPU = Debug|Any CPU
		Release|Any CPU = Release|Any CPU
	EndGlobalSection
	GlobalSection(ProjectConfigurationPlatforms) = postSolution
		{A40E2C9D-ADA6-4BAF-B1B7-7D87DDCD154A}.Debug|Any CPU.ActiveCfg = Debug|Any CPU
		{A40E2C9D-ADA6-4BAF-B1B7-7D87DDCD154A}.Debug|Any CPU.Build.0 = Debug|Any CPU
		{A40E2C9D-ADA6-4BAF-B1B7-7D87DDCD154A}.Release|Any CPU.ActiveCfg = Release|Any CPU
		{A40E2C9D-ADA6-4BAF-B1B7-7D87DDCD154A}.Release|Any CPU.Build.0 = Release|Any CPU
	EndGlobalSection
	GlobalSection(SolutionProperties) = preSolution
		HideSolutionNode = FALSE
	EndGlobalSection
	GlobalSection(ExtensibilityGlobals) = postSolution
		SolutionGuid = {7531FD2F-E986-4FF5-9862-CC998003AE30}
	EndGlobalSection
EndGlobal
